
Microsoft Visual Studio Solution File, Format Version 12.00
# Visual Studio Version 16
VisualStudioVersion = 16.0.31129.286
MinimumVisualStudioVersion = 10.0.40219.1
Project("{9A19103F-16F7-4668-BE54-9A1E7A4F7556}") = "Messanger1.0", "Messanger1.0.csproj", "{51B60005-1438-48E2-B151-B6D2B265D376}"
EndProject
Project("{FAE04EC0-301F-11D3-BF4B-00C04F79EFBC}") = "ASPCoreServer", "..\ASPCoreServer\ASPCoreServer.csproj", "{7E01CA3E-DA88-4A35-A6DE-B942652D448C}"
EndProject
Global
	GlobalSection(SolutionConfigurationPlatforms) = preSolution
		Debug|Any CPU = Debug|Any CPU
		Release|Any CPU = Release|Any CPU
	EndGlobalSection
	GlobalSection(ProjectConfigurationPlatforms) = postSolution
		{51B60005-1438-48E2-B151-B6D2B265D376}.Debug|Any CPU.ActiveCfg = Debug|Any CPU
		{51B60005-1438-48E2-B151-B6D2B265D376}.Debug|Any CPU.Build.0 = Debug|Any CPU
		{51B60005-1438-48E2-B151-B6D2B265D376}.Release|Any CPU.ActiveCfg = Release|Any CPU
		{51B60005-1438-48E2-B151-B6D2B265D376}.Release|Any CPU.Build.0 = Release|Any CPU
		{7E01CA3E-DA88-4A35-A6DE-B942652D448C}.Debug|Any CPU.ActiveCfg = Debug|Any CPU
		{7E01CA3E-DA88-4A35-A6DE-B942652D448C}.Debug|Any CPU.Build.0 = Debug|Any CPU
		{7E01CA3E-DA88-4A35-A6DE-B942652D448C}.Release|Any CPU.ActiveCfg = Release|Any CPU
		{7E01CA3E-DA88-4A35-A6DE-B942652D448C}.Release|Any CPU.Build.0 = Release|Any CPU
	EndGlobalSection
	GlobalSection(SolutionProperties) = preSolution
		HideSolutionNode = FALSE
	EndGlobalSection
	GlobalSection(ExtensibilityGlobals) = postSolution
		SolutionGuid = {32331FF1-A8D9-4EAD-9D47-5A6B626E5DDA}
	EndGlobalSection
EndGlobal
